
Microsoft Visual Studio Solution File, Format Version 12.00
# Visual Studio 14
VisualStudioVersion = 14.0.25420.1
MinimumVisualStudioVersion = 10.0.40219.1
Project("{FAE04EC0-301F-11D3-BF4B-00C04F79EFBC}") = "firebaseApplication", "firebaseApplication\firebaseApplication.csproj", "{DB466FA4-7280-4CC3-A59E-C1BB024F48F6}"
EndProject
Project("{FAE04EC0-301F-11D3-BF4B-00C04F79EFBC}") = "ManagerPasswords", "..\ManagerPasswords\ManagerPasswords\ManagerPasswords.csproj", "{AB07C336-095A-406B-9A28-8017E613920A}"
EndProject
Global
	GlobalSection(SolutionConfigurationPlatforms) = preSolution
		Debug|Any CPU = Debug|Any CPU
		Release|Any CPU = Release|Any CPU
	EndGlobalSection
	GlobalSection(ProjectConfigurationPlatforms) = postSolution
		{DB466FA4-7280-4CC3-A59E-C1BB024F48F6}.Debug|Any CPU.ActiveCfg = Debug|Any CPU
		{DB466FA4-7280-4CC3-A59E-C1BB024F48F6}.Debug|Any CPU.Build.0 = Debug|Any CPU
		{DB466FA4-7280-4CC3-A59E-C1BB024F48F6}.Release|Any CPU.ActiveCfg = Release|Any CPU
		{DB466FA4-7280-4CC3-A59E-C1BB024F48F6}.Release|Any CPU.Build.0 = Release|Any CPU
		{AB07C336-095A-406B-9A28-8017E613920A}.Debug|Any CPU.ActiveCfg = Debug|Any CPU
		{AB07C336-095A-406B-9A28-8017E613920A}.Debug|Any CPU.Build.0 = Debug|Any CPU
		{AB07C336-095A-406B-9A28-8017E613920A}.Release|Any CPU.ActiveCfg = Release|Any CPU
		{AB07C336-095A-406B-9A28-8017E613920A}.Release|Any CPU.Build.0 = Release|Any CPU
	EndGlobalSection
	GlobalSection(SolutionProperties) = preSolution
		HideSolutionNode = FALSE
	EndGlobalSection
EndGlobal
